
Microsoft Visual Studio Solution File, Format Version 12.00
# Visual Studio 15
VisualStudioVersion = 15.0.27703.2042
MinimumVisualStudioVersion = 10.0.40219.1
Project("{FAE04EC0-301F-11D3-BF4B-00C04F79EFBC}") = "Swagoos", "Swagoos\Swagoos.csproj", "{98C4C759-2E7A-411F-8501-71C0EEF09508}"
EndProject
Global
	GlobalSection(SolutionConfigurationPlatforms) = preSolution
		Debug|Any CPU = Debug|Any CPU
		Release|Any CPU = Release|Any CPU
	EndGlobalSection
	GlobalSection(ProjectConfigurationPlatforms) = postSolution
		{98C4C759-2E7A-411F-8501-71C0EEF09508}.Debug|Any CPU.ActiveCfg = Debug|Any CPU
		{98C4C759-2E7A-411F-8501-71C0EEF09508}.Debug|Any CPU.Build.0 = Debug|Any CPU
		{98C4C759-2E7A-411F-8501-71C0EEF09508}.Release|Any CPU.ActiveCfg = Release|Any CPU
		{98C4C759-2E7A-411F-8501-71C0EEF09508}.Release|Any CPU.Build.0 = Release|Any CPU
	EndGlobalSection
	GlobalSection(SolutionProperties) = preSolution
		HideSolutionNode = FALSE
	EndGlobalSection
	GlobalSection(ExtensibilityGlobals) = postSolution
		SolutionGuid = {9414EB6E-C4D6-40E8-99F6-4CFD2C961D11}
	EndGlobalSection
EndGlobal
